
Microsoft Visual Studio Solution File, Format Version 12.00
# Visual Studio Version 17
VisualStudioVersion = 17.10.34818.151
MinimumVisualStudioVersion = 10.0.40219.1
Project("{FAE04EC0-301F-11D3-BF4B-00C04F79EFBC}") = "FerremasApp.Server", "FerremasApp.Server\FerremasApp.Server.csproj", "{9849887E-42B5-4603-BF5D-1517EB8A10C9}"
EndProject
Project("{54A90642-561A-4BB1-A94E-469ADEE60C69}") = "ferremasapp.client", "ferremasapp.client\ferremasapp.client.esproj", "{FBFE3051-24FB-4812-8635-1689E4E604D9}"
EndProject
Global
	GlobalSection(SolutionConfigurationPlatforms) = preSolution
		Debug|Any CPU = Debug|Any CPU
		Release|Any CPU = Release|Any CPU
	EndGlobalSection
	GlobalSection(ProjectConfigurationPlatforms) = postSolution
		{9849887E-42B5-4603-BF5D-1517EB8A10C9}.Debug|Any CPU.ActiveCfg = Debug|Any CPU
		{9849887E-42B5-4603-BF5D-1517EB8A10C9}.Debug|Any CPU.Build.0 = Debug|Any CPU
		{9849887E-42B5-4603-BF5D-1517EB8A10C9}.Release|Any CPU.ActiveCfg = Release|Any CPU
		{9849887E-42B5-4603-BF5D-1517EB8A10C9}.Release|Any CPU.Build.0 = Release|Any CPU
		{FBFE3051-24FB-4812-8635-1689E4E604D9}.Debug|Any CPU.ActiveCfg = Debug|Any CPU
		{FBFE3051-24FB-4812-8635-1689E4E604D9}.Debug|Any CPU.Build.0 = Debug|Any CPU
		{FBFE3051-24FB-4812-8635-1689E4E604D9}.Debug|Any CPU.Deploy.0 = Debug|Any CPU
		{FBFE3051-24FB-4812-8635-1689E4E604D9}.Release|Any CPU.ActiveCfg = Release|Any CPU
		{FBFE3051-24FB-4812-8635-1689E4E604D9}.Release|Any CPU.Build.0 = Release|Any CPU
		{FBFE3051-24FB-4812-8635-1689E4E604D9}.Release|Any CPU.Deploy.0 = Release|Any CPU
	EndGlobalSection
	GlobalSection(SolutionProperties) = preSolution
		HideSolutionNode = FALSE
	EndGlobalSection
	GlobalSection(ExtensibilityGlobals) = postSolution
		SolutionGuid = {EABAF664-8141-493C-8EA8-22561480AA7A}
	EndGlobalSection
EndGlobal
